// !$*UTF8*$!
{
	archiveVersion = 1;
	classes = {
	};
	objectVersion = 46;
	objects = {

/* Begin PBXBuildFile section */
		0BB9C09B1E54A2B000201FD8 /* MSWeakTimer.m in Sources */ = {isa = PBXBuildFile; fileRef = 0BB9C09A1E54A2B000201FD8 /* MSWeakTimer.m */; };
		7DAF63981E520EB400531795 /* AppDelegate.swift in Sources */ = {isa = PBXBuildFile; fileRef = 7DAF63971E520EB400531795 /* AppDelegate.swift */; };
		7DAF639A1E520EB400531795 /* ViewController.swift in Sources */ = {isa = PBXBuildFile; fileRef = 7DAF63991E520EB400531795 /* ViewController.swift */; };
		7DAF639D1E520EB400531795 /* Main.storyboard in Resources */ = {isa = PBXBuildFile; fileRef = 7DAF639B1E520EB400531795 /* Main.storyboard */; };
		7DAF63A01E520EB400531795 /* InfinitePageView.xcdatamodeld in Sources */ = {isa = PBXBuildFile; fileRef = 7DAF639E1E520EB400531795 /* InfinitePageView.xcdatamodeld */; };
		7DAF63A21E520EB400531795 /* Assets.xcassets in Resources */ = {isa = PBXBuildFile; fileRef = 7DAF63A11E520EB400531795 /* Assets.xcassets */; };
		7DAF63A51E520EB400531795 /* LaunchScreen.storyboard in Resources */ = {isa = PBXBuildFile; fileRef = 7DAF63A31E520EB400531795 /* LaunchScreen.storyboard */; };
		7DAF63CA1E520F0700531795 /* InfinitePageView.swift in Sources */ = {isa = PBXBuildFile; fileRef = 7DAF63C91E520F0700531795 /* InfinitePageView.swift */; };
/* End PBXBuildFile section */

/* Begin PBXFileReference section */
		0B0575331E52208700A76421 /* InfinitePageView-Bridging-Header.h */ = {isa = PBXFileReference; lastKnownFileType = sourcecode.c.h; path = "InfinitePageView-Bridging-Header.h"; sourceTree = "<group>"; };
		0BB9C0991E54A2B000201FD8 /* MSWeakTimer.h */ = {isa = PBXFileReference; fileEncoding = 4; lastKnownFileType = sourcecode.c.h; name = MSWeakTimer.h; path = MSWeakTimer/MSWeakTimer.h; sourceTree = "<group>"; };
		0BB9C09A1E54A2B000201FD8 /* MSWeakTimer.m */ = {isa = PBXFileReference; fileEncoding = 4; lastKnownFileType = sourcecode.c.objc; name = MSWeakTimer.m; path = MSWeakTimer/MSWeakTimer.m; sourceTree = "<group>"; };
		7DAF63941E520EB400531795 /* InfinitePageView.app */ = {isa = PBXFileReference; explicitFileType = wrapper.application; includeInIndex = 0; path = InfinitePageView.app; sourceTree = BUILT_PRODUCTS_DIR; };
		7DAF63971E520EB400531795 /* AppDelegate.swift */ = {isa = PBXFileReference; lastKnownFileType = sourcecode.swift; path = AppDelegate.swift; sourceTree = "<group>"; };
		7DAF63991E520EB400531795 /* ViewController.swift */ = {isa = PBXFileReference; lastKnownFileType = sourcecode.swift; path = ViewController.swift; sourceTree = "<group>"; };
		7DAF639C1E520EB400531795 /* Base */ = {isa = PBXFileReference; lastKnownFileType = file.storyboard; name = Base; path = Base.lproj/Main.storyboard; sourceTree = "<group>"; };
		7DAF639F1E520EB400531795 /* InfinitePageView.xcdatamodel */ = {isa = PBXFileReference; lastKnownFileType = wrapper.xcdatamodel; path = InfinitePageView.xcdatamodel; sourceTree = "<group>"; };
		7DAF63A11E520EB400531795 /* Assets.xcassets */ = {isa = PBXFileReference; lastKnownFileType = folder.assetcatalog; path = Assets.xcassets; sourceTree = "<group>"; };
		7DAF63A41E520EB400531795 /* Base */ = {isa = PBXFileReference; lastKnownFileType = file.storyboard; name = Base; path = Base.lproj/LaunchScreen.storyboard; sourceTree = "<group>"; };
		7DAF63A61E520EB400531795 /* Info.plist */ = {isa = PBXFileReference; lastKnownFileType = text.plist.xml; path = Info.plist; sourceTree = "<group>"; };
		7DAF63C91E520F0700531795 /* InfinitePageView.swift */ = {isa = PBXFileReference; fileEncoding = 4; lastKnownFileType = sourcecode.swift; path = InfinitePageView.swift; sourceTree = "<group>"; };
/* End PBXFileReference section */

/* Begin PBXFrameworksBuildPhase section */
		7DAF63911E520EB400531795 /* Frameworks */ = {
			isa = PBXFrameworksBuildPhase;
			buildActionMask = 2147483647;
			files = (
			);
			runOnlyForDeploymentPostprocessing = 0;
		};
/* End PBXFrameworksBuildPhase section */

/* Begin PBXGroup section */
		0BB9C09C1E54A2B000201FD8 /* MSWeakTimer */ = {
			isa = PBXGroup;
			children = (
				0BB9C09A1E54A2B000201FD8 /* MSWeakTimer.m */,
				0BB9C0991E54A2B000201FD8 /* MSWeakTimer.h */,
			);
			name = MSWeakTimer;
			sourceTree = "<group>";
		};
		7DAF638B1E520EB400531795 = {
			isa = PBXGroup;
			children = (
				7DAF63961E520EB400531795 /* InfinitePageView */,
				7DAF63951E520EB400531795 /* Products */,
			);
			sourceTree = "<group>";
		};
		7DAF63951E520EB400531795 /* Products */ = {
			isa = PBXGroup;
			children = (
				7DAF63941E520EB400531795 /* InfinitePageView.app */,
			);
			name = Products;
			sourceTree = "<group>";
		};
		7DAF63961E520EB400531795 /* InfinitePageView */ = {
			isa = PBXGroup;
			children = (
				0BB9C09C1E54A2B000201FD8 /* MSWeakTimer */,
				7DAF63C81E520F0700531795 /* InfinitePageView */,
				7DAF63971E520EB400531795 /* AppDelegate.swift */,
				7DAF63991E520EB400531795 /* ViewController.swift */,
				0B0575331E52208700A76421 /* InfinitePageView-Bridging-Header.h */,
				7DAF639B1E520EB400531795 /* Main.storyboard */,
				7DAF63A11E520EB400531795 /* Assets.xcassets */,
				7DAF63A31E520EB400531795 /* LaunchScreen.storyboard */,
				7DAF63A61E520EB400531795 /* Info.plist */,
				7DAF639E1E520EB400531795 /* InfinitePageView.xcdatamodeld */,
			);
			path = InfinitePageView;
			sourceTree = "<group>";
		};
		7DAF63C81E520F0700531795 /* InfinitePageView */ = {
			isa = PBXGroup;
			children = (
				7DAF63C91E520F0700531795 /* InfinitePageView.swift */,
			);
			path = InfinitePageView;
			sourceTree = "<group>";
		};
/* End PBXGroup section */

/* Begin PBXNativeTarget section */
		7DAF63931E520EB400531795 /* InfinitePageView */ = {
			isa = PBXNativeTarget;
			buildConfigurationList = 7DAF63BF1E520EB400531795 /* Build configuration list for PBXNativeTarget "InfinitePageView" */;
			buildPhases = (
				7DAF63901E520EB400531795 /* Sources */,
				7DAF63911E520EB400531795 /* Frameworks */,
				7DAF63921E520EB400531795 /* Resources */,
			);
			buildRules = (
			);
			dependencies = (
			);
			name = InfinitePageView;
			productName = InfinitePageView;
			productReference = 7DAF63941E520EB400531795 /* InfinitePageView.app */;
			productType = "com.apple.product-type.application";
		};
/* End PBXNativeTarget section */

/* Begin PBXProject section */
		7DAF638C1E520EB400531795 /* Project object */ = {
			isa = PBXProject;
			attributes = {
				LastSwiftUpdateCheck = 0820;
				LastUpgradeCheck = 0820;
				ORGANIZATIONNAME = chantu;
				TargetAttributes = {
					7DAF63931E520EB400531795 = {
						CreatedOnToolsVersion = 8.2.1;
						DevelopmentTeam = 78JARCH2LJ;
						ProvisioningStyle = Automatic;
					};
				};
			};
			buildConfigurationList = 7DAF638F1E520EB400531795 /* Build configuration list for PBXProject "InfinitePageView" */;
			compatibilityVersion = "Xcode 3.2";
			developmentRegion = English;
			hasScannedForEncodings = 0;
			knownRegions = (
				en,
				Base,
			);
			mainGroup = 7DAF638B1E520EB400531795;
			productRefGroup = 7DAF63951E520EB400531795 /* Products */;
			projectDirPath = "";
			projectRoot = "";
			targets = (
				7DAF63931E520EB400531795 /* InfinitePageView */,
			);
		};
/* End PBXProject section */

/* Begin PBXResourcesBuildPhase section */
		7DAF63921E520EB400531795 /* Resources */ = {
			isa = PBXResourcesBuildPhase;
			buildActionMask = 2147483647;
			files = (
				7DAF63A51E520EB400531795 /* LaunchScreen.storyboard in Resources */,
				7DAF63A21E520EB400531795 /* Assets.xcassets in Resources */,
				7DAF639D1E520EB400531795 /* Main.storyboard in Resources */,
			);
			runOnlyForDeploymentPostprocessing = 0;
		};
/* End PBXResourcesBuildPhase section */

/* Begin PBXSourcesBuildPhase section */
		7DAF63901E520EB400531795 /* Sources */ = {
			isa = PBXSourcesBuildPhase;
			buildActionMask = 2147483647;
			files = (
				7DAF63A01E520EB400531795 /* InfinitePageView.xcdatamodeld in Sources */,
				7DAF639A1E520EB400531795 /* ViewController.swift in Sources */,
				7DAF63981E520EB400531795 /* AppDelegate.swift in Sources */,
				7DAF63CA1E520F0700531795 /* InfinitePageView.swift in Sources */,
				0BB9C09B1E54A2B000201FD8 /* MSWeakTimer.m in Sources */,
			);
			runOnlyForDeploymentPostprocessing = 0;
		};
/* End PBXSourcesBuildPhase section */

/* Begin PBXVariantGroup section */
		7DAF639B1E520EB400531795 /* Main.storyboard */ = {
			isa = PBXVariantGroup;
			children = (
				7DAF639C1E520EB400531795 /* Base */,
			);
			name = Main.storyboard;
			sourceTree = "<group>";
		};
		7DAF63A31E520EB400531795 /* LaunchScreen.storyboard */ = {
			isa = PBXVariantGroup;
			children = (
				7DAF63A41E520EB400531795 /* Base */,
			);
			name = LaunchScreen.storyboard;
			sourceTree = "<group>";
		};
/* End PBXVariantGroup section */

/* Begin XCBuildConfiguration section */
		7DAF63BD1E520EB400531795 /* Debug */ = {
			isa = XCBuildConfiguration;
			buildSettings = {
				ALWAYS_SEARCH_USER_PATHS = NO;
				CLANG_ANALYZER_NONNULL = YES;
				CLANG_CXX_LANGUAGE_STANDARD = "gnu++0x";
				CLANG_CXX_LIBRARY = "libc++";
				CLANG_ENABLE_MODULES = YES;
				CLANG_ENABLE_OBJC_ARC = YES;
				CLANG_WARN_BOOL_CONVERSION = YES;
				CLANG_WARN_CONSTANT_CONVERSION = YES;
				CLANG_WARN_DIRECT_OBJC_ISA_USAGE = YES_ERROR;
				CLANG_WARN_DOCUMENTATION_COMMENTS = YES;
				CLANG_WARN_EMPTY_BODY = YES;
				CLANG_WARN_ENUM_CONVERSION = YES;
				CLANG_WARN_INFINITE_RECURSION = YES;
				CLANG_WARN_INT_CONVERSION = YES;
				CLANG_WARN_OBJC_ROOT_CLASS = YES_ERROR;
				CLANG_WARN_SUSPICIOUS_MOVE = YES;
				CLANG_WARN_UNREACHABLE_CODE = YES;
				CLANG_WARN__DUPLICATE_METHOD_MATCH = YES;
				"CODE_SIGN_IDENTITY[sdk=iphoneos*]" = "iPhone Developer";
				COPY_PHASE_STRIP = NO;
				DEBUG_INFORMATION_FORMAT = dwarf;
				ENABLE_STRICT_OBJC_MSGSEND = YES;
				ENABLE_TESTABILITY = YES;
				GCC_C_LANGUAGE_STANDARD = gnu99;
				GCC_DYNAMIC_NO_PIC = NO;
				GCC_NO_COMMON_BLOCKS = YES;
				GCC_OPTIMIZATION_LEVEL = 0;
				GCC_PREPROCESSOR_DEFINITIONS = (
					"DEBUG=1",
					"$(inherited)",
				);
				GCC_WARN_64_TO_32_BIT_CONVERSION = YES;
				GCC_WARN_ABOUT_RETURN_TYPE = YES_ERROR;
				GCC_WARN_UNDECLARED_SELECTOR = YES;
				GCC_WARN_UNINITIALIZED_AUTOS = YES_AGGRESSIVE;
				GCC_WARN_UNUSED_FUNCTION = YES;
				GCC_WARN_UNUSED_VARIABLE = YES;
				IPHONEOS_DEPLOYMENT_TARGET = 10.2;
				MTL_ENABLE_DEBUG_INFO = YES;
				ONLY_ACTIVE_ARCH = YES;
				SDKROOT = iphoneos;
				SWIFT_ACTIVE_COMPILATION_CONDITIONS = DEBUG;
				SWIFT_OPTIMIZATION_LEVEL = "-Onone";
				TARGETED_DEVICE_FAMILY = "1,2";
			};
			name = Debug;
		};
		7DAF63BE1E520EB400531795 /* Release */ = {
			isa = XCBuildConfiguration;
			buildSettings = {
				ALWAYS_SEARCH_USER_PATHS = NO;
				CLANG_ANALYZER_NONNULL = YES;
				CLANG_CXX_LANGUAGE_STANDARD = "gnu++0x";
				CLANG_CXX_LIBRARY = "libc++";
				CLANG_ENABLE_MODULES = YES;
				CLANG_ENABLE_OBJC_ARC = YES;
				CLANG_WARN_BOOL_CONVERSION = YES;
				CLANG_WARN_CONSTANT_CONVERSION = YES;
				CLANG_WARN_DIRECT_OBJC_ISA_USAGE = YES_ERROR;
				CLANG_WARN_DOCUMENTATION_COMMENTS = YES;
				CLANG_WARN_EMPTY_BODY = YES;
				CLANG_WARN_ENUM_CONVERSION = YES;
				CLANG_WARN_INFINITE_RECURSION = YES;
				CLANG_WARN_INT_CONVERSION = YES;
				CLANG_WARN_OBJC_ROOT_CLASS = YES_ERROR;
				CLANG_WARN_SUSPICIOUS_MOVE = YES;
				CLANG_WARN_UNREACHABLE_CODE = YES;
				CLANG_WARN__DUPLICATE_METHOD_MATCH = YES;
				"CODE_SIGN_IDENTITY[sdk=iphoneos*]" = "iPhone Developer";
				COPY_PHASE_STRIP = NO;
				DEBUG_INFORMATION_FORMAT = "dwarf-with-dsym";
				ENABLE_NS_ASSERTIONS = NO;
				ENABLE_STRICT_OBJC_MSGSEND = YES;
				GCC_C_LANGUAGE_STANDARD = gnu99;
				GCC_NO_COMMON_BLOCKS = YES;
				GCC_WARN_64_TO_32_BIT_CONVERSION = YES;
				GCC_WARN_ABOUT_RETURN_TYPE = YES_ERROR;
				GCC_WARN_UNDECLARED_SELECTOR = YES;
				GCC_WARN_UNINITIALIZED_AUTOS = YES_AGGRESSIVE;
				GCC_WARN_UNUSED_FUNCTION = YES;
				GCC_WARN_UNUSED_VARIABLE = YES;
				IPHONEOS_DEPLOYMENT_TARGET = 10.2;
				MTL_ENABLE_DEBUG_INFO = NO;
				SDKROOT = iphoneos;
				SWIFT_OPTIMIZATION_LEVEL = "-Owholemodule";
				TARGETED_DEVICE_FAMILY = "1,2";
				VALIDATE_PRODUCT = YES;
			};
			name = Release;
		};
		7DAF63C01E520EB400531795 /* Debug */ = {
			isa = XCBuildConfiguration;
			buildSettings = {
				ASSETCATALOG_COMPILER_APPICON_NAME = AppIcon;
				CLANG_ENABLE_MODULES = YES;
				DEVELOPMENT_TEAM = 78JARCH2LJ;
				INFOPLIST_FILE = InfinitePageView/Info.plist;
				IPHONEOS_DEPLOYMENT_TARGET = 9.0;
				LD_RUNPATH_SEARCH_PATHS = "$(inherited) @executable_path/Frameworks";
				PRODUCT_BUNDLE_IDENTIFIER = com.chantu.InfinitePageView;
				PRODUCT_NAME = "$(TARGET_NAME)";
				SWIFT_OBJC_BRIDGING_HEADER = "InfinitePageView/InfinitePageView-Bridging-Header.h";
				SWIFT_OPTIMIZATION_LEVEL = "-Onone";
				SWIFT_VERSION = 3.0;
			};
			name = Debug;
		};
		7DAF63C11E520EB400531795 /* Release */ = {
			isa = XCBuildConfiguration;
			buildSettings = {
				ASSETCATALOG_COMPILER_APPICON_NAME = AppIcon;
				CLANG_ENABLE_MODULES = YES;
				DEVELOPMENT_TEAM = 78JARCH2LJ;
				INFOPLIST_FILE = InfinitePageView/Info.plist;
				IPHONEOS_DEPLOYMENT_TARGET = 9.0;
				LD_RUNPATH_SEARCH_PATHS = "$(inherited) @executable_path/Frameworks";
				PRODUCT_BUNDLE_IDENTIFIER = com.chantu.InfinitePageView;
				PRODUCT_NAME = "$(TARGET_NAME)";
				SWIFT_OBJC_BRIDGING_HEADER = "InfinitePageView/InfinitePageView-Bridging-Header.h";
				SWIFT_VERSION = 3.0;
			};
			name = Release;
		};
/* End XCBuildConfiguration section */

/* Begin XCConfigurationList section */
		7DAF638F1E520EB400531795 /* Build configuration list for PBXProject "InfinitePageView" */ = {
			isa = XCConfigurationList;
			buildConfigurations = (
				7DAF63BD1E520EB400531795 /* Debug */,
				7DAF63BE1E520EB400531795 /* Release */,
			);
			defaultConfigurationIsVisible = 0;
			defaultConfigurationName = Release;
		};
		7DAF63BF1E520EB400531795 /* Build configuration list for PBXNativeTarget "InfinitePageView" */ = {
			isa = XCConfigurationList;
			buildConfigurations = (
				7DAF63C01E520EB400531795 /* Debug */,
				7DAF63C11E520EB400531795 /* Release */,
			);
			defaultConfigurationIsVisible = 0;
			defaultConfigurationName = Release;
		};
/* End XCConfigurationList section */

/* Begin XCVersionGroup section */
		7DAF639E1E520EB400531795 /* InfinitePageView.xcdatamodeld */ = {
			isa = XCVersionGroup;
			children = (
				7DAF639F1E520EB400531795 /* InfinitePageView.xcdatamodel */,
			);
			currentVersion = 7DAF639F1E520EB400531795 /* InfinitePageView.xcdatamodel */;
			path = InfinitePageView.xcdatamodeld;
			sourceTree = "<group>";
			versionGroupType = wrapper.xcdatamodel;
		};
/* End XCVersionGroup section */
	};
	rootObject = 7DAF638C1E520EB400531795 /* Project object */;
}
